// !$*UTF8*$!
{
	archiveVersion = 1;
	classes = {
	};
	objectVersion = 51;
	objects = {

/* Begin PBXBuildFile section */
		065F263D24D7E60D00EFB0B4 /* AppDelegate.swift in Sources */ = {isa = PBXBuildFile; fileRef = 065F263C24D7E60D00EFB0B4 /* AppDelegate.swift */; };
		065F263F24D7E60D00EFB0B4 /* SceneDelegate.swift in Sources */ = {isa = PBXBuildFile; fileRef = 065F263E24D7E60D00EFB0B4 /* SceneDelegate.swift */; };
		065F264124D7E60D00EFB0B4 /* ViewController.swift in Sources */ = {isa = PBXBuildFile; fileRef = 065F264024D7E60D00EFB0B4 /* ViewController.swift */; };
		065F264424D7E60D00EFB0B4 /* Main.storyboard in Resources */ = {isa = PBXBuildFile; fileRef = 065F264224D7E60D00EFB0B4 /* Main.storyboard */; };
		065F264924D7E60F00EFB0B4 /* LaunchScreen.storyboard in Resources */ = {isa = PBXBuildFile; fileRef = 065F264724D7E60F00EFB0B4 /* LaunchScreen.storyboard */; };
		065F265424D88C0A00EFB0B4 /* ConstraintAnimation.swift in Sources */ = {isa = PBXBuildFile; fileRef = 065F265324D88C0A00EFB0B4 /* ConstraintAnimation.swift */; };
		065F265724D88CEA00EFB0B4 /* LandingViewController.swift in Sources */ = {isa = PBXBuildFile; fileRef = 065F265624D88CEA00EFB0B4 /* LandingViewController.swift */; };
		065F266424D88CF300EFB0B4 /* Attraction.swift in Sources */ = {isa = PBXBuildFile; fileRef = 065F265924D88CF300EFB0B4 /* Attraction.swift */; };
		065F266524D88CF300EFB0B4 /* Location.swift in Sources */ = {isa = PBXBuildFile; fileRef = 065F265A24D88CF300EFB0B4 /* Location.swift */; };
		065F266624D88CF300EFB0B4 /* Chat.swift in Sources */ = {isa = PBXBuildFile; fileRef = 065F265B24D88CF300EFB0B4 /* Chat.swift */; };
		065F266724D88CF300EFB0B4 /* Comment.swift in Sources */ = {isa = PBXBuildFile; fileRef = 065F265C24D88CF300EFB0B4 /* Comment.swift */; };
		065F266824D88CF300EFB0B4 /* Trip.swift in Sources */ = {isa = PBXBuildFile; fileRef = 065F265D24D88CF300EFB0B4 /* Trip.swift */; };
		065F266924D88CF300EFB0B4 /* FoursquareLayer.swift in Sources */ = {isa = PBXBuildFile; fileRef = 065F265F24D88CF300EFB0B4 /* FoursquareLayer.swift */; };
		065F266A24D88CF300EFB0B4 /* FirebaseLayer.swift in Sources */ = {isa = PBXBuildFile; fileRef = 065F266024D88CF300EFB0B4 /* FirebaseLayer.swift */; };
		065F266B24D88CF300EFB0B4 /* User.swift in Sources */ = {isa = PBXBuildFile; fileRef = 065F266124D88CF300EFB0B4 /* User.swift */; };
		065F266C24D88CF300EFB0B4 /* Photo.swift in Sources */ = {isa = PBXBuildFile; fileRef = 065F266224D88CF300EFB0B4 /* Photo.swift */; };
		065F266D24D88CF300EFB0B4 /* Food.swift in Sources */ = {isa = PBXBuildFile; fileRef = 065F266324D88CF300EFB0B4 /* Food.swift */; };
		065F267124D88CFF00EFB0B4 /* SignInView.swift in Sources */ = {isa = PBXBuildFile; fileRef = 065F266F24D88CFF00EFB0B4 /* SignInView.swift */; };
		065F267224D88CFF00EFB0B4 /* SignInViewController.swift in Sources */ = {isa = PBXBuildFile; fileRef = 065F267024D88CFF00EFB0B4 /* SignInViewController.swift */; };
		065F267624D88D1600EFB0B4 /* SignUpViewController.swift in Sources */ = {isa = PBXBuildFile; fileRef = 065F267424D88D1600EFB0B4 /* SignUpViewController.swift */; };
		065F267724D88D1600EFB0B4 /* SignUpView.swift in Sources */ = {isa = PBXBuildFile; fileRef = 065F267524D88D1600EFB0B4 /* SignUpView.swift */; };
		065F267E24D88D4200EFB0B4 /* TextFieldUnderlineView.swift in Sources */ = {isa = PBXBuildFile; fileRef = 065F267924D88D4200EFB0B4 /* TextFieldUnderlineView.swift */; };
		065F267F24D88D4200EFB0B4 /* ProfileImageView.swift in Sources */ = {isa = PBXBuildFile; fileRef = 065F267A24D88D4200EFB0B4 /* ProfileImageView.swift */; };
		065F268024D88D4200EFB0B4 /* SectionTitleLabel.swift in Sources */ = {isa = PBXBuildFile; fileRef = 065F267B24D88D4200EFB0B4 /* SectionTitleLabel.swift */; };
		065F268124D88D4200EFB0B4 /* ActivityView.swift in Sources */ = {isa = PBXBuildFile; fileRef = 065F267C24D88D4200EFB0B4 /* ActivityView.swift */; };
		065F268224D88D4200EFB0B4 /* SignUpButtonView.swift in Sources */ = {isa = PBXBuildFile; fileRef = 065F267D24D88D4200EFB0B4 /* SignUpButtonView.swift */; };
		065F268924D88D5400EFB0B4 /* Extension+UIFont.swift in Sources */ = {isa = PBXBuildFile; fileRef = 065F268424D88D5400EFB0B4 /* Extension+UIFont.swift */; };
		065F268A24D88D5400EFB0B4 /* Extension+UITextField.swift in Sources */ = {isa = PBXBuildFile; fileRef = 065F268524D88D5400EFB0B4 /* Extension+UITextField.swift */; };
		065F268B24D88D5400EFB0B4 /* Extension+UIColor.swift in Sources */ = {isa = PBXBuildFile; fileRef = 065F268624D88D5400EFB0B4 /* Extension+UIColor.swift */; };
		065F268C24D88D5400EFB0B4 /* Extension+CALayer.swift in Sources */ = {isa = PBXBuildFile; fileRef = 065F268724D88D5400EFB0B4 /* Extension+CALayer.swift */; };
		065F268D24D88D5400EFB0B4 /* Extension+UIView.swift in Sources */ = {isa = PBXBuildFile; fileRef = 065F268824D88D5400EFB0B4 /* Extension+UIView.swift */; };
		065F269024D88D7900EFB0B4 /* MainTabBarController.swift in Sources */ = {isa = PBXBuildFile; fileRef = 065F268F24D88D7900EFB0B4 /* MainTabBarController.swift */; };
		065F269224D88D9200EFB0B4 /* Assets.xcassets in Resources */ = {isa = PBXBuildFile; fileRef = 065F269124D88D9200EFB0B4 /* Assets.xcassets */; };
		065F269524D88DDA00EFB0B4 /* ExploreViewController.swift in Sources */ = {isa = PBXBuildFile; fileRef = 065F269424D88DDA00EFB0B4 /* ExploreViewController.swift */; };
		065F269724D88DE500EFB0B4 /* HomeViewController.swift in Sources */ = {isa = PBXBuildFile; fileRef = 065F269624D88DE500EFB0B4 /* HomeViewController.swift */; };
		065F269924D88DF100EFB0B4 /* InboxViewController.swift in Sources */ = {isa = PBXBuildFile; fileRef = 065F269824D88DF100EFB0B4 /* InboxViewController.swift */; };
		065F26A224D88E0300EFB0B4 /* LocationViewController.swift in Sources */ = {isa = PBXBuildFile; fileRef = 065F269C24D88E0300EFB0B4 /* LocationViewController.swift */; };
		065F26A324D88E0300EFB0B4 /* FriendCell.swift in Sources */ = {isa = PBXBuildFile; fileRef = 065F269D24D88E0300EFB0B4 /* FriendCell.swift */; };
		065F26A424D88E0300EFB0B4 /* PostViewController.swift in Sources */ = {isa = PBXBuildFile; fileRef = 065F269E24D88E0300EFB0B4 /* PostViewController.swift */; };
		065F26A524D88E0300EFB0B4 /* FriendsViewController.swift in Sources */ = {isa = PBXBuildFile; fileRef = 065F26A024D88E0300EFB0B4 /* FriendsViewController.swift */; };
		065F26A624D88E0300EFB0B4 /* PostView.swift in Sources */ = {isa = PBXBuildFile; fileRef = 065F26A124D88E0300EFB0B4 /* PostView.swift */; };
		065F26A824D88E1300EFB0B4 /* ProfileViewController.swift in Sources */ = {isa = PBXBuildFile; fileRef = 065F26A724D88E1300EFB0B4 /* ProfileViewController.swift */; };
		065F26AC24D88E4C00EFB0B4 /* SearchCell.swift in Sources */ = {isa = PBXBuildFile; fileRef = 065F26AA24D88E4B00EFB0B4 /* SearchCell.swift */; };
		065F26AD24D88E4C00EFB0B4 /* SearchViewController.swift in Sources */ = {isa = PBXBuildFile; fileRef = 065F26AB24D88E4B00EFB0B4 /* SearchViewController.swift */; };
		06F04DD624D93B25001CD0D8 /* GoogleService-Info.plist in Resources */ = {isa = PBXBuildFile; fileRef = 06F04DD524D93B25001CD0D8 /* GoogleService-Info.plist */; };
		06F04DD824D93EA0001CD0D8 /* HomeView.swift in Sources */ = {isa = PBXBuildFile; fileRef = 06F04DD724D93EA0001CD0D8 /* HomeView.swift */; };
		06F04DDD24D94067001CD0D8 /* YourTripTableViewCell.swift in Sources */ = {isa = PBXBuildFile; fileRef = 06F04DDA24D94066001CD0D8 /* YourTripTableViewCell.swift */; };
		06F04DDE24D94067001CD0D8 /* YourTripCollectionViewCell.swift in Sources */ = {isa = PBXBuildFile; fileRef = 06F04DDB24D94067001CD0D8 /* YourTripCollectionViewCell.swift */; };
		06F04DDF24D94067001CD0D8 /* TripCell.swift in Sources */ = {isa = PBXBuildFile; fileRef = 06F04DDC24D94067001CD0D8 /* TripCell.swift */; };
		06F04DF724DA1DB5001CD0D8 /* Gilroy-UltraLight.otf in Resources */ = {isa = PBXBuildFile; fileRef = 06F04DE124DA1DB4001CD0D8 /* Gilroy-UltraLight.otf */; };
		06F04DF824DA1DB5001CD0D8 /* Gilroy-HeavyItalic.otf in Resources */ = {isa = PBXBuildFile; fileRef = 06F04DE224DA1DB4001CD0D8 /* Gilroy-HeavyItalic.otf */; };
		06F04DF924DA1DB5001CD0D8 /* Gilroy-Heavy.otf in Resources */ = {isa = PBXBuildFile; fileRef = 06F04DE324DA1DB4001CD0D8 /* Gilroy-Heavy.otf */; };
		06F04DFA24DA1DB5001CD0D8 /* Gilroy-LightItalic.otf in Resources */ = {isa = PBXBuildFile; fileRef = 06F04DE424DA1DB4001CD0D8 /* Gilroy-LightItalic.otf */; };
		06F04DFC24DA1DB5001CD0D8 /* Gilroy-Light.otf in Resources */ = {isa = PBXBuildFile; fileRef = 06F04DE724DA1DB4001CD0D8 /* Gilroy-Light.otf */; };
		06F04DFD24DA1DB5001CD0D8 /* Gilroy-BlackItalic.otf in Resources */ = {isa = PBXBuildFile; fileRef = 06F04DE824DA1DB4001CD0D8 /* Gilroy-BlackItalic.otf */; };
		06F04DFE24DA1DB5001CD0D8 /* Gilroy-ThinItalic.otf in Resources */ = {isa = PBXBuildFile; fileRef = 06F04DE924DA1DB4001CD0D8 /* Gilroy-ThinItalic.otf */; };
		06F04DFF24DA1DB5001CD0D8 /* Gilroy-BoldItalic.otf in Resources */ = {isa = PBXBuildFile; fileRef = 06F04DEA24DA1DB4001CD0D8 /* Gilroy-BoldItalic.otf */; };
		06F04E0024DA1DB5001CD0D8 /* Gilroy-ExtraBoldItalic.otf in Resources */ = {isa = PBXBuildFile; fileRef = 06F04DEB24DA1DB4001CD0D8 /* Gilroy-ExtraBoldItalic.otf */; };
		06F04E0124DA1DB5001CD0D8 /* Gilroy-RegularItalic.otf in Resources */ = {isa = PBXBuildFile; fileRef = 06F04DEC24DA1DB5001CD0D8 /* Gilroy-RegularItalic.otf */; };
		06F04E0224DA1DB5001CD0D8 /* Gilroy-ExtraBold.otf in Resources */ = {isa = PBXBuildFile; fileRef = 06F04DED24DA1DB5001CD0D8 /* Gilroy-ExtraBold.otf */; };
		06F04E0324DA1DB5001CD0D8 /* Gilroy-Regular.otf in Resources */ = {isa = PBXBuildFile; fileRef = 06F04DEE24DA1DB5001CD0D8 /* Gilroy-Regular.otf */; };
		06F04E0424DA1DB5001CD0D8 /* Gilroy-MediumItalic.otf in Resources */ = {isa = PBXBuildFile; fileRef = 06F04DEF24DA1DB5001CD0D8 /* Gilroy-MediumItalic.otf */; };
		06F04E0524DA1DB5001CD0D8 /* Gilroy-SemiBold.otf in Resources */ = {isa = PBXBuildFile; fileRef = 06F04DF024DA1DB5001CD0D8 /* Gilroy-SemiBold.otf */; };
		06F04E0624DA1DB5001CD0D8 /* Gilroy-Black.otf in Resources */ = {isa = PBXBuildFile; fileRef = 06F04DF124DA1DB5001CD0D8 /* Gilroy-Black.otf */; };
		06F04E0724DA1DB5001CD0D8 /* Gilroy-SemiBoldItalic.otf in Resources */ = {isa = PBXBuildFile; fileRef = 06F04DF224DA1DB5001CD0D8 /* Gilroy-SemiBoldItalic.otf */; };
		06F04E0824DA1DB5001CD0D8 /* Gilroy-Bold.otf in Resources */ = {isa = PBXBuildFile; fileRef = 06F04DF324DA1DB5001CD0D8 /* Gilroy-Bold.otf */; };
		06F04E0924DA1DB5001CD0D8 /* Gilroy-UltraLightItalic.otf in Resources */ = {isa = PBXBuildFile; fileRef = 06F04DF424DA1DB5001CD0D8 /* Gilroy-UltraLightItalic.otf */; };
		06F04E0A24DA1DB5001CD0D8 /* Gilroy-Medium.otf in Resources */ = {isa = PBXBuildFile; fileRef = 06F04DF524DA1DB5001CD0D8 /* Gilroy-Medium.otf */; };
		06F04E0B24DA1DB5001CD0D8 /* Gilroy-Thin.otf in Resources */ = {isa = PBXBuildFile; fileRef = 06F04DF624DA1DB5001CD0D8 /* Gilroy-Thin.otf */; };
		06F04E0E24DDF4CA001CD0D8 /* ExploreView.swift in Sources */ = {isa = PBXBuildFile; fileRef = 06F04E0D24DDF4CA001CD0D8 /* ExploreView.swift */; };
		A7489CD0F7A531D5E0EC4844 /* Pods_Lesrol.framework in Frameworks */ = {isa = PBXBuildFile; fileRef = FA0EE564F193D776180EC287 /* Pods_Lesrol.framework */; };
/* End PBXBuildFile section */

/* Begin PBXFileReference section */
		065F263924D7E60D00EFB0B4 /* Lesrol.app */ = {isa = PBXFileReference; explicitFileType = wrapper.application; includeInIndex = 0; path = Lesrol.app; sourceTree = BUILT_PRODUCTS_DIR; };
		065F263C24D7E60D00EFB0B4 /* AppDelegate.swift */ = {isa = PBXFileReference; lastKnownFileType = sourcecode.swift; path = AppDelegate.swift; sourceTree = "<group>"; };
		065F263E24D7E60D00EFB0B4 /* SceneDelegate.swift */ = {isa = PBXFileReference; lastKnownFileType = sourcecode.swift; path = SceneDelegate.swift; sourceTree = "<group>"; };
		065F264024D7E60D00EFB0B4 /* ViewController.swift */ = {isa = PBXFileReference; lastKnownFileType = sourcecode.swift; path = ViewController.swift; sourceTree = "<group>"; };
		065F264324D7E60D00EFB0B4 /* Base */ = {isa = PBXFileReference; lastKnownFileType = file.storyboard; name = Base; path = Base.lproj/Main.storyboard; sourceTree = "<group>"; };
		065F264824D7E60F00EFB0B4 /* Base */ = {isa = PBXFileReference; lastKnownFileType = file.storyboard; name = Base; path = Base.lproj/LaunchScreen.storyboard; sourceTree = "<group>"; };
		065F264A24D7E60F00EFB0B4 /* Info.plist */ = {isa = PBXFileReference; lastKnownFileType = text.plist.xml; path = Info.plist; sourceTree = "<group>"; };
		065F265324D88C0A00EFB0B4 /* ConstraintAnimation.swift */ = {isa = PBXFileReference; lastKnownFileType = sourcecode.swift; path = ConstraintAnimation.swift; sourceTree = "<group>"; };
		065F265624D88CEA00EFB0B4 /* LandingViewController.swift */ = {isa = PBXFileReference; fileEncoding = 4; lastKnownFileType = sourcecode.swift; path = LandingViewController.swift; sourceTree = "<group>"; };
		065F265924D88CF300EFB0B4 /* Attraction.swift */ = {isa = PBXFileReference; fileEncoding = 4; lastKnownFileType = sourcecode.swift; path = Attraction.swift; sourceTree = "<group>"; };
		065F265A24D88CF300EFB0B4 /* Location.swift */ = {isa = PBXFileReference; fileEncoding = 4; lastKnownFileType = sourcecode.swift; path = Location.swift; sourceTree = "<group>"; };
		065F265B24D88CF300EFB0B4 /* Chat.swift */ = {isa = PBXFileReference; fileEncoding = 4; lastKnownFileType = sourcecode.swift; path = Chat.swift; sourceTree = "<group>"; };
		065F265C24D88CF300EFB0B4 /* Comment.swift */ = {isa = PBXFileReference; fileEncoding = 4; lastKnownFileType = sourcecode.swift; path = Comment.swift; sourceTree = "<group>"; };
		065F265D24D88CF300EFB0B4 /* Trip.swift */ = {isa = PBXFileReference; fileEncoding = 4; lastKnownFileType = sourcecode.swift; path = Trip.swift; sourceTree = "<group>"; };
		065F265F24D88CF300EFB0B4 /* FoursquareLayer.swift */ = {isa = PBXFileReference; fileEncoding = 4; lastKnownFileType = sourcecode.swift; path = FoursquareLayer.swift; sourceTree = "<group>"; };
		065F266024D88CF300EFB0B4 /* FirebaseLayer.swift */ = {isa = PBXFileReference; fileEncoding = 4; lastKnownFileType = sourcecode.swift; path = FirebaseLayer.swift; sourceTree = "<group>"; };
		065F266124D88CF300EFB0B4 /* User.swift */ = {isa = PBXFileReference; fileEncoding = 4; lastKnownFileType = sourcecode.swift; path = User.swift; sourceTree = "<group>"; };
		065F266224D88CF300EFB0B4 /* Photo.swift */ = {isa = PBXFileReference; fileEncoding = 4; lastKnownFileType = sourcecode.swift; path = Photo.swift; sourceTree = "<group>"; };
		065F266324D88CF300EFB0B4 /* Food.swift */ = {isa = PBXFileReference; fileEncoding = 4; lastKnownFileType = sourcecode.swift; path = Food.swift; sourceTree = "<group>"; };
		065F266F24D88CFF00EFB0B4 /* SignInView.swift */ = {isa = PBXFileReference; fileEncoding = 4; lastKnownFileType = sourcecode.swift; path = SignInView.swift; sourceTree = "<group>"; };
		065F267024D88CFF00EFB0B4 /* SignInViewController.swift */ = {isa = PBXFileReference; fileEncoding = 4; lastKnownFileType = sourcecode.swift; path = SignInViewController.swift; sourceTree = "<group>"; };
		065F267424D88D1600EFB0B4 /* SignUpViewController.swift */ = {isa = PBXFileReference; fileEncoding = 4; lastKnownFileType = sourcecode.swift; path = SignUpViewController.swift; sourceTree = "<group>"; };
		065F267524D88D1600EFB0B4 /* SignUpView.swift */ = {isa = PBXFileReference; fileEncoding = 4; lastKnownFileType = sourcecode.swift; path = SignUpView.swift; sourceTree = "<group>"; };
		065F267924D88D4200EFB0B4 /* TextFieldUnderlineView.swift */ = {isa = PBXFileReference; fileEncoding = 4; lastKnownFileType = sourcecode.swift; path = TextFieldUnderlineView.swift; sourceTree = "<group>"; };
		065F267A24D88D4200EFB0B4 /* ProfileImageView.swift */ = {isa = PBXFileReference; fileEncoding = 4; lastKnownFileType = sourcecode.swift; path = ProfileImageView.swift; sourceTree = "<group>"; };
		065F267B24D88D4200EFB0B4 /* SectionTitleLabel.swift */ = {isa = PBXFileReference; fileEncoding = 4; lastKnownFileType = sourcecode.swift; path = SectionTitleLabel.swift; sourceTree = "<group>"; };
		065F267C24D88D4200EFB0B4 /* ActivityView.swift */ = {isa = PBXFileReference; fileEncoding = 4; lastKnownFileType = sourcecode.swift; path = ActivityView.swift; sourceTree = "<group>"; };
		065F267D24D88D4200EFB0B4 /* SignUpButtonView.swift */ = {isa = PBXFileReference; fileEncoding = 4; lastKnownFileType = sourcecode.swift; path = SignUpButtonView.swift; sourceTree = "<group>"; };
		065F268424D88D5400EFB0B4 /* Extension+UIFont.swift */ = {isa = PBXFileReference; fileEncoding = 4; lastKnownFileType = sourcecode.swift; path = "Extension+UIFont.swift"; sourceTree = "<group>"; };
		065F268524D88D5400EFB0B4 /* Extension+UITextField.swift */ = {isa = PBXFileReference; fileEncoding = 4; lastKnownFileType = sourcecode.swift; path = "Extension+UITextField.swift"; sourceTree = "<group>"; };
		065F268624D88D5400EFB0B4 /* Extension+UIColor.swift */ = {isa = PBXFileReference; fileEncoding = 4; lastKnownFileType = sourcecode.swift; path = "Extension+UIColor.swift"; sourceTree = "<group>"; };
		065F268724D88D5400EFB0B4 /* Extension+CALayer.swift */ = {isa = PBXFileReference; fileEncoding = 4; lastKnownFileType = sourcecode.swift; path = "Extension+CALayer.swift"; sourceTree = "<group>"; };
		065F268824D88D5400EFB0B4 /* Extension+UIView.swift */ = {isa = PBXFileReference; fileEncoding = 4; lastKnownFileType = sourcecode.swift; path = "Extension+UIView.swift"; sourceTree = "<group>"; };
		065F268F24D88D7900EFB0B4 /* MainTabBarController.swift */ = {isa = PBXFileReference; fileEncoding = 4; lastKnownFileType = sourcecode.swift; path = MainTabBarController.swift; sourceTree = "<group>"; };
		065F269124D88D9200EFB0B4 /* Assets.xcassets */ = {isa = PBXFileReference; lastKnownFileType = folder.assetcatalog; path = Assets.xcassets; sourceTree = "<group>"; };
		065F269424D88DDA00EFB0B4 /* ExploreViewController.swift */ = {isa = PBXFileReference; lastKnownFileType = sourcecode.swift; path = ExploreViewController.swift; sourceTree = "<group>"; };
		065F269624D88DE500EFB0B4 /* HomeViewController.swift */ = {isa = PBXFileReference; lastKnownFileType = sourcecode.swift; path = HomeViewController.swift; sourceTree = "<group>"; };
		065F269824D88DF100EFB0B4 /* InboxViewController.swift */ = {isa = PBXFileReference; lastKnownFileType = sourcecode.swift; path = InboxViewController.swift; sourceTree = "<group>"; };
		065F269C24D88E0300EFB0B4 /* LocationViewController.swift */ = {isa = PBXFileReference; fileEncoding = 4; lastKnownFileType = sourcecode.swift; path = LocationViewController.swift; sourceTree = "<group>"; };
		065F269D24D88E0300EFB0B4 /* FriendCell.swift */ = {isa = PBXFileReference; fileEncoding = 4; lastKnownFileType = sourcecode.swift; path = FriendCell.swift; sourceTree = "<group>"; };
		065F269E24D88E0300EFB0B4 /* PostViewController.swift */ = {isa = PBXFileReference; fileEncoding = 4; lastKnownFileType = sourcecode.swift; path = PostViewController.swift; sourceTree = "<group>"; };
		065F26A024D88E0300EFB0B4 /* FriendsViewController.swift */ = {isa = PBXFileReference; fileEncoding = 4; lastKnownFileType = sourcecode.swift; path = FriendsViewController.swift; sourceTree = "<group>"; };
		065F26A124D88E0300EFB0B4 /* PostView.swift */ = {isa = PBXFileReference; fileEncoding = 4; lastKnownFileType = sourcecode.swift; path = PostView.swift; sourceTree = "<group>"; };
		065F26A724D88E1300EFB0B4 /* ProfileViewController.swift */ = {isa = PBXFileReference; lastKnownFileType = sourcecode.swift; path = ProfileViewController.swift; sourceTree = "<group>"; };
		065F26AA24D88E4B00EFB0B4 /* SearchCell.swift */ = {isa = PBXFileReference; fileEncoding = 4; lastKnownFileType = sourcecode.swift; path = SearchCell.swift; sourceTree = "<group>"; };
		065F26AB24D88E4B00EFB0B4 /* SearchViewController.swift */ = {isa = PBXFileReference; fileEncoding = 4; lastKnownFileType = sourcecode.swift; path = SearchViewController.swift; sourceTree = "<group>"; };
		06F04DD524D93B25001CD0D8 /* GoogleService-Info.plist */ = {isa = PBXFileReference; fileEncoding = 4; lastKnownFileType = text.plist.xml; path = "GoogleService-Info.plist"; sourceTree = "<group>"; };
		06F04DD724D93EA0001CD0D8 /* HomeView.swift */ = {isa = PBXFileReference; lastKnownFileType = sourcecode.swift; path = HomeView.swift; sourceTree = "<group>"; };
		06F04DDA24D94066001CD0D8 /* YourTripTableViewCell.swift */ = {isa = PBXFileReference; fileEncoding = 4; lastKnownFileType = sourcecode.swift; path = YourTripTableViewCell.swift; sourceTree = "<group>"; };
		06F04DDB24D94067001CD0D8 /* YourTripCollectionViewCell.swift */ = {isa = PBXFileReference; fileEncoding = 4; lastKnownFileType = sourcecode.swift; path = YourTripCollectionViewCell.swift; sourceTree = "<group>"; };
		06F04DDC24D94067001CD0D8 /* TripCell.swift */ = {isa = PBXFileReference; fileEncoding = 4; lastKnownFileType = sourcecode.swift; path = TripCell.swift; sourceTree = "<group>"; };
		06F04DE124DA1DB4001CD0D8 /* Gilroy-UltraLight.otf */ = {isa = PBXFileReference; lastKnownFileType = file; path = "Gilroy-UltraLight.otf"; sourceTree = "<group>"; };
		06F04DE224DA1DB4001CD0D8 /* Gilroy-HeavyItalic.otf */ = {isa = PBXFileReference; lastKnownFileType = file; path = "Gilroy-HeavyItalic.otf"; sourceTree = "<group>"; };
		06F04DE324DA1DB4001CD0D8 /* Gilroy-Heavy.otf */ = {isa = PBXFileReference; lastKnownFileType = file; path = "Gilroy-Heavy.otf"; sourceTree = "<group>"; };
		06F04DE424DA1DB4001CD0D8 /* Gilroy-LightItalic.otf */ = {isa = PBXFileReference; lastKnownFileType = file; path = "Gilroy-LightItalic.otf"; sourceTree = "<group>"; };
		06F04DE724DA1DB4001CD0D8 /* Gilroy-Light.otf */ = {isa = PBXFileReference; lastKnownFileType = file; path = "Gilroy-Light.otf"; sourceTree = "<group>"; };
		06F04DE824DA1DB4001CD0D8 /* Gilroy-BlackItalic.otf */ = {isa = PBXFileReference; lastKnownFileType = file; path = "Gilroy-BlackItalic.otf"; sourceTree = "<group>"; };
		06F04DE924DA1DB4001CD0D8 /* Gilroy-ThinItalic.otf */ = {isa = PBXFileReference; lastKnownFileType = file; path = "Gilroy-ThinItalic.otf"; sourceTree = "<group>"; };
		06F04DEA24DA1DB4001CD0D8 /* Gilroy-BoldItalic.otf */ = {isa = PBXFileReference; lastKnownFileType = file; path = "Gilroy-BoldItalic.otf"; sourceTree = "<group>"; };
		06F04DEB24DA1DB4001CD0D8 /* Gilroy-ExtraBoldItalic.otf */ = {isa = PBXFileReference; lastKnownFileType = file; path = "Gilroy-ExtraBoldItalic.otf"; sourceTree = "<group>"; };
		06F04DEC24DA1DB5001CD0D8 /* Gilroy-RegularItalic.otf */ = {isa = PBXFileReference; lastKnownFileType = file; path = "Gilroy-RegularItalic.otf"; sourceTree = "<group>"; };
		06F04DED24DA1DB5001CD0D8 /* Gilroy-ExtraBold.otf */ = {isa = PBXFileReference; lastKnownFileType = file; path = "Gilroy-ExtraBold.otf"; sourceTree = "<group>"; };
		06F04DEE24DA1DB5001CD0D8 /* Gilroy-Regular.otf */ = {isa = PBXFileReference; lastKnownFileType = file; path = "Gilroy-Regular.otf"; sourceTree = "<group>"; };
		06F04DEF24DA1DB5001CD0D8 /* Gilroy-MediumItalic.otf */ = {isa = PBXFileReference; lastKnownFileType = file; path = "Gilroy-MediumItalic.otf"; sourceTree = "<group>"; };
		06F04DF024DA1DB5001CD0D8 /* Gilroy-SemiBold.otf */ = {isa = PBXFileReference; lastKnownFileType = file; path = "Gilroy-SemiBold.otf"; sourceTree = "<group>"; };
		06F04DF124DA1DB5001CD0D8 /* Gilroy-Black.otf */ = {isa = PBXFileReference; lastKnownFileType = file; path = "Gilroy-Black.otf"; sourceTree = "<group>"; };
		06F04DF224DA1DB5001CD0D8 /* Gilroy-SemiBoldItalic.otf */ = {isa = PBXFileReference; lastKnownFileType = file; path = "Gilroy-SemiBoldItalic.otf"; sourceTree = "<group>"; };
		06F04DF324DA1DB5001CD0D8 /* Gilroy-Bold.otf */ = {isa = PBXFileReference; lastKnownFileType = file; path = "Gilroy-Bold.otf"; sourceTree = "<group>"; };
		06F04DF424DA1DB5001CD0D8 /* Gilroy-UltraLightItalic.otf */ = {isa = PBXFileReference; lastKnownFileType = file; path = "Gilroy-UltraLightItalic.otf"; sourceTree = "<group>"; };
		06F04DF524DA1DB5001CD0D8 /* Gilroy-Medium.otf */ = {isa = PBXFileReference; lastKnownFileType = file; path = "Gilroy-Medium.otf"; sourceTree = "<group>"; };
		06F04DF624DA1DB5001CD0D8 /* Gilroy-Thin.otf */ = {isa = PBXFileReference; lastKnownFileType = file; path = "Gilroy-Thin.otf"; sourceTree = "<group>"; };
		06F04E0D24DDF4CA001CD0D8 /* ExploreView.swift */ = {isa = PBXFileReference; lastKnownFileType = sourcecode.swift; path = ExploreView.swift; sourceTree = "<group>"; };
		24B36476FDF9425957D1917D /* Pods-Lesrol.debug.xcconfig */ = {isa = PBXFileReference; includeInIndex = 1; lastKnownFileType = text.xcconfig; name = "Pods-Lesrol.debug.xcconfig"; path = "Target Support Files/Pods-Lesrol/Pods-Lesrol.debug.xcconfig"; sourceTree = "<group>"; };
		358899F386E1471427A08618 /* Pods-Lesrol.release.xcconfig */ = {isa = PBXFileReference; includeInIndex = 1; lastKnownFileType = text.xcconfig; name = "Pods-Lesrol.release.xcconfig"; path = "Target Support Files/Pods-Lesrol/Pods-Lesrol.release.xcconfig"; sourceTree = "<group>"; };
		FA0EE564F193D776180EC287 /* Pods_Lesrol.framework */ = {isa = PBXFileReference; explicitFileType = wrapper.framework; includeInIndex = 0; path = Pods_Lesrol.framework; sourceTree = BUILT_PRODUCTS_DIR; };
/* End PBXFileReference section */

/* Begin PBXFrameworksBuildPhase section */
		065F263624D7E60D00EFB0B4 /* Frameworks */ = {
			isa = PBXFrameworksBuildPhase;
			buildActionMask = 2147483647;
			files = (
				A7489CD0F7A531D5E0EC4844 /* Pods_Lesrol.framework in Frameworks */,
			);
			runOnlyForDeploymentPostprocessing = 0;
		};
/* End PBXFrameworksBuildPhase section */

/* Begin PBXGroup section */
		065F263024D7E60D00EFB0B4 = {
			isa = PBXGroup;
			children = (
				065F263B24D7E60D00EFB0B4 /* Lesrol */,
				065F263A24D7E60D00EFB0B4 /* Products */,
				F28BC118930234320E761793 /* Pods */,
				54A797E3AF0D2C599F8CF828 /* Frameworks */,
			);
			sourceTree = "<group>";
		};
		065F263A24D7E60D00EFB0B4 /* Products */ = {
			isa = PBXGroup;
			children = (
				065F263924D7E60D00EFB0B4 /* Lesrol.app */,
			);
			name = Products;
			sourceTree = "<group>";
		};
		065F263B24D7E60D00EFB0B4 /* Lesrol */ = {
			isa = PBXGroup;
			children = (
				06F04DE024DA1DB4001CD0D8 /* Gilroy Family */,
				065F269324D88DB200EFB0B4 /* View Controllers */,
				065F265224D88BE100EFB0B4 /* Helpers */,
				065F263C24D7E60D00EFB0B4 /* AppDelegate.swift */,
				065F263E24D7E60D00EFB0B4 /* SceneDelegate.swift */,
				065F264024D7E60D00EFB0B4 /* ViewController.swift */,
				065F26A924D88E4B00EFB0B4 /* Search */,
				065F268E24D88D7900EFB0B4 /* Main Tab Bar */,
				065F268324D88D5400EFB0B4 /* Extensions */,
				065F267824D88D4200EFB0B4 /* View */,
				065F267324D88D1600EFB0B4 /* Sign Up */,
				065F265824D88CF300EFB0B4 /* Model */,
				065F266E24D88CFF00EFB0B4 /* Sign In */,
				065F265524D88CEA00EFB0B4 /* Landing */,
				065F264224D7E60D00EFB0B4 /* Main.storyboard */,
				065F269124D88D9200EFB0B4 /* Assets.xcassets */,
				065F264724D7E60F00EFB0B4 /* LaunchScreen.storyboard */,
				065F264A24D7E60F00EFB0B4 /* Info.plist */,
				06F04DD524D93B25001CD0D8 /* GoogleService-Info.plist */,
			);
			path = Lesrol;
			sourceTree = "<group>";
		};
		065F265224D88BE100EFB0B4 /* Helpers */ = {
			isa = PBXGroup;
			children = (
				065F265324D88C0A00EFB0B4 /* ConstraintAnimation.swift */,
			);
			path = Helpers;
			sourceTree = "<group>";
		};
		065F265524D88CEA00EFB0B4 /* Landing */ = {
			isa = PBXGroup;
			children = (
				065F265624D88CEA00EFB0B4 /* LandingViewController.swift */,
			);
			path = Landing;
			sourceTree = "<group>";
		};
		065F265824D88CF300EFB0B4 /* Model */ = {
			isa = PBXGroup;
			children = (
				065F265924D88CF300EFB0B4 /* Attraction.swift */,
				065F265A24D88CF300EFB0B4 /* Location.swift */,
				065F265B24D88CF300EFB0B4 /* Chat.swift */,
				065F265C24D88CF300EFB0B4 /* Comment.swift */,
				065F265D24D88CF300EFB0B4 /* Trip.swift */,
				065F265E24D88CF300EFB0B4 /* Network */,
				065F266124D88CF300EFB0B4 /* User.swift */,
				065F266224D88CF300EFB0B4 /* Photo.swift */,
				065F266324D88CF300EFB0B4 /* Food.swift */,
			);
			name = Model;
			path = Lesrol/Model;
			sourceTree = SOURCE_ROOT;
		};
		065F265E24D88CF300EFB0B4 /* Network */ = {
			isa = PBXGroup;
			children = (
				065F265F24D88CF300EFB0B4 /* FoursquareLayer.swift */,
				065F266024D88CF300EFB0B4 /* FirebaseLayer.swift */,
			);
			path = Network;
			sourceTree = "<group>";
		};
		065F266E24D88CFF00EFB0B4 /* Sign In */ = {
			isa = PBXGroup;
			children = (
				065F266F24D88CFF00EFB0B4 /* SignInView.swift */,
				065F267024D88CFF00EFB0B4 /* SignInViewController.swift */,
			);
			path = "Sign In";
			sourceTree = "<group>";
		};
		065F267324D88D1600EFB0B4 /* Sign Up */ = {
			isa = PBXGroup;
			children = (
				065F267424D88D1600EFB0B4 /* SignUpViewController.swift */,
				065F267524D88D1600EFB0B4 /* SignUpView.swift */,
			);
			path = "Sign Up";
			sourceTree = "<group>";
		};
		065F267824D88D4200EFB0B4 /* View */ = {
			isa = PBXGroup;
			children = (
				065F267924D88D4200EFB0B4 /* TextFieldUnderlineView.swift */,
				065F267A24D88D4200EFB0B4 /* ProfileImageView.swift */,
				065F267B24D88D4200EFB0B4 /* SectionTitleLabel.swift */,
				065F267C24D88D4200EFB0B4 /* ActivityView.swift */,
				065F267D24D88D4200EFB0B4 /* SignUpButtonView.swift */,
			);
			path = View;
			sourceTree = "<group>";
		};
		065F268324D88D5400EFB0B4 /* Extensions */ = {
			isa = PBXGroup;
			children = (
				065F268424D88D5400EFB0B4 /* Extension+UIFont.swift */,
				065F268524D88D5400EFB0B4 /* Extension+UITextField.swift */,
				065F268624D88D5400EFB0B4 /* Extension+UIColor.swift */,
				065F268724D88D5400EFB0B4 /* Extension+CALayer.swift */,
				065F268824D88D5400EFB0B4 /* Extension+UIView.swift */,
			);
			path = Extensions;
			sourceTree = "<group>";
		};
		065F268E24D88D7900EFB0B4 /* Main Tab Bar */ = {
			isa = PBXGroup;
			children = (
				065F268F24D88D7900EFB0B4 /* MainTabBarController.swift */,
			);
			path = "Main Tab Bar";
			sourceTree = "<group>";
		};
		065F269324D88DB200EFB0B4 /* View Controllers */ = {
			isa = PBXGroup;
			children = (
				06F04E0C24DDF4B9001CD0D8 /* Explore */,
				06F04DD924D94025001CD0D8 /* Home */,
				065F269824D88DF100EFB0B4 /* InboxViewController.swift */,
				065F269A24D88E0300EFB0B4 /* Post */,
				065F26A724D88E1300EFB0B4 /* ProfileViewController.swift */,
			);
			path = "View Controllers";
			sourceTree = "<group>";
		};
		065F269A24D88E0300EFB0B4 /* Post */ = {
			isa = PBXGroup;
			children = (
				065F269B24D88E0300EFB0B4 /* Location */,
				065F269D24D88E0300EFB0B4 /* FriendCell.swift */,
				065F269E24D88E0300EFB0B4 /* PostViewController.swift */,
				065F269F24D88E0300EFB0B4 /* Friends */,
				065F26A124D88E0300EFB0B4 /* PostView.swift */,
			);
			path = Post;
			sourceTree = "<group>";
		};
		065F269B24D88E0300EFB0B4 /* Location */ = {
			isa = PBXGroup;
			children = (
				065F269C24D88E0300EFB0B4 /* LocationViewController.swift */,
			);
			path = Location;
			sourceTree = "<group>";
		};
		065F269F24D88E0300EFB0B4 /* Friends */ = {
			isa = PBXGroup;
			children = (
				065F26A024D88E0300EFB0B4 /* FriendsViewController.swift */,
			);
			path = Friends;
			sourceTree = "<group>";
		};
		065F26A924D88E4B00EFB0B4 /* Search */ = {
			isa = PBXGroup;
			children = (
				065F26AA24D88E4B00EFB0B4 /* SearchCell.swift */,
				065F26AB24D88E4B00EFB0B4 /* SearchViewController.swift */,
			);
			path = Search;
			sourceTree = "<group>";
		};
		06F04DD924D94025001CD0D8 /* Home */ = {
			isa = PBXGroup;
			children = (
				065F269624D88DE500EFB0B4 /* HomeViewController.swift */,
				06F04DD724D93EA0001CD0D8 /* HomeView.swift */,
				06F04DDC24D94067001CD0D8 /* TripCell.swift */,
				06F04DDB24D94067001CD0D8 /* YourTripCollectionViewCell.swift */,
				06F04DDA24D94066001CD0D8 /* YourTripTableViewCell.swift */,
			);
			path = Home;
			sourceTree = "<group>";
		};
		06F04DE024DA1DB4001CD0D8 /* Gilroy Family */ = {
			isa = PBXGroup;
			children = (
				06F04DE124DA1DB4001CD0D8 /* Gilroy-UltraLight.otf */,
				06F04DE224DA1DB4001CD0D8 /* Gilroy-HeavyItalic.otf */,
				06F04DE324DA1DB4001CD0D8 /* Gilroy-Heavy.otf */,
				06F04DE424DA1DB4001CD0D8 /* Gilroy-LightItalic.otf */,
				06F04DE724DA1DB4001CD0D8 /* Gilroy-Light.otf */,
				06F04DE824DA1DB4001CD0D8 /* Gilroy-BlackItalic.otf */,
				06F04DE924DA1DB4001CD0D8 /* Gilroy-ThinItalic.otf */,
				06F04DEA24DA1DB4001CD0D8 /* Gilroy-BoldItalic.otf */,
				06F04DEB24DA1DB4001CD0D8 /* Gilroy-ExtraBoldItalic.otf */,
				06F04DEC24DA1DB5001CD0D8 /* Gilroy-RegularItalic.otf */,
				06F04DED24DA1DB5001CD0D8 /* Gilroy-ExtraBold.otf */,
				06F04DEE24DA1DB5001CD0D8 /* Gilroy-Regular.otf */,
				06F04DEF24DA1DB5001CD0D8 /* Gilroy-MediumItalic.otf */,
				06F04DF024DA1DB5001CD0D8 /* Gilroy-SemiBold.otf */,
				06F04DF124DA1DB5001CD0D8 /* Gilroy-Black.otf */,
				06F04DF224DA1DB5001CD0D8 /* Gilroy-SemiBoldItalic.otf */,
				06F04DF324DA1DB5001CD0D8 /* Gilroy-Bold.otf */,
				06F04DF424DA1DB5001CD0D8 /* Gilroy-UltraLightItalic.otf */,
				06F04DF524DA1DB5001CD0D8 /* Gilroy-Medium.otf */,
				06F04DF624DA1DB5001CD0D8 /* Gilroy-Thin.otf */,
			);
			path = "Gilroy Family";
			sourceTree = "<group>";
		};
		06F04E0C24DDF4B9001CD0D8 /* Explore */ = {
			isa = PBXGroup;
			children = (
				065F269424D88DDA00EFB0B4 /* ExploreViewController.swift */,
				06F04E0D24DDF4CA001CD0D8 /* ExploreView.swift */,
			);
			path = Explore;
			sourceTree = "<group>";
		};
		54A797E3AF0D2C599F8CF828 /* Frameworks */ = {
			isa = PBXGroup;
			children = (
				FA0EE564F193D776180EC287 /* Pods_Lesrol.framework */,
			);
			name = Frameworks;
			sourceTree = "<group>";
		};
		F28BC118930234320E761793 /* Pods */ = {
			isa = PBXGroup;
			children = (
				24B36476FDF9425957D1917D /* Pods-Lesrol.debug.xcconfig */,
				358899F386E1471427A08618 /* Pods-Lesrol.release.xcconfig */,
			);
			path = Pods;
			sourceTree = "<group>";
		};
/* End PBXGroup section */

/* Begin PBXNativeTarget section */
		065F263824D7E60D00EFB0B4 /* Lesrol */ = {
			isa = PBXNativeTarget;
			buildConfigurationList = 065F264D24D7E60F00EFB0B4 /* Build configuration list for PBXNativeTarget "Lesrol" */;
			buildPhases = (
				7BD849976CD5C8719739101D /* [CP] Check Pods Manifest.lock */,
				065F263524D7E60D00EFB0B4 /* Sources */,
				065F263624D7E60D00EFB0B4 /* Frameworks */,
				065F263724D7E60D00EFB0B4 /* Resources */,
				2F99F0813A6A0806F28F0CD4 /* [CP] Embed Pods Frameworks */,
			);
			buildRules = (
			);
			dependencies = (
			);
			name = Lesrol;
			productName = Lesrol;
			productReference = 065F263924D7E60D00EFB0B4 /* Lesrol.app */;
			productType = "com.apple.product-type.application";
		};
/* End PBXNativeTarget section */

/* Begin PBXProject section */
		065F263124D7E60D00EFB0B4 /* Project object */ = {
			isa = PBXProject;
			attributes = {
				LastSwiftUpdateCheck = 1150;
				LastUpgradeCheck = 1150;
				ORGANIZATIONNAME = "Edvin Lellhame";
				TargetAttributes = {
					065F263824D7E60D00EFB0B4 = {
						CreatedOnToolsVersion = 11.5;
					};
				};
			};
			buildConfigurationList = 065F263424D7E60D00EFB0B4 /* Build configuration list for PBXProject "Lesrol" */;
			compatibilityVersion = "Xcode 9.3";
			developmentRegion = en;
			hasScannedForEncodings = 0;
			knownRegions = (
				en,
				Base,
			);
			mainGroup = 065F263024D7E60D00EFB0B4;
			productRefGroup = 065F263A24D7E60D00EFB0B4 /* Products */;
			projectDirPath = "";
			projectRoot = "";
			targets = (
				065F263824D7E60D00EFB0B4 /* Lesrol */,
			);
		};
/* End PBXProject section */

/* Begin PBXResourcesBuildPhase section */
		065F263724D7E60D00EFB0B4 /* Resources */ = {
			isa = PBXResourcesBuildPhase;
			buildActionMask = 2147483647;
			files = (
				06F04E0B24DA1DB5001CD0D8 /* Gilroy-Thin.otf in Resources */,
				06F04DF924DA1DB5001CD0D8 /* Gilroy-Heavy.otf in Resources */,
				065F264924D7E60F00EFB0B4 /* LaunchScreen.storyboard in Resources */,
				065F269224D88D9200EFB0B4 /* Assets.xcassets in Resources */,
				06F04DFF24DA1DB5001CD0D8 /* Gilroy-BoldItalic.otf in Resources */,
				06F04E0024DA1DB5001CD0D8 /* Gilroy-ExtraBoldItalic.otf in Resources */,
				06F04E0424DA1DB5001CD0D8 /* Gilroy-MediumItalic.otf in Resources */,
				06F04E0524DA1DB5001CD0D8 /* Gilroy-SemiBold.otf in Resources */,
				06F04E0924DA1DB5001CD0D8 /* Gilroy-UltraLightItalic.otf in Resources */,
				06F04E0124DA1DB5001CD0D8 /* Gilroy-RegularItalic.otf in Resources */,
				065F264424D7E60D00EFB0B4 /* Main.storyboard in Resources */,
				06F04E0624DA1DB5001CD0D8 /* Gilroy-Black.otf in Resources */,
				06F04DF724DA1DB5001CD0D8 /* Gilroy-UltraLight.otf in Resources */,
				06F04DFA24DA1DB5001CD0D8 /* Gilroy-LightItalic.otf in Resources */,
				06F04E0724DA1DB5001CD0D8 /* Gilroy-SemiBoldItalic.otf in Resources */,
				06F04E0A24DA1DB5001CD0D8 /* Gilroy-Medium.otf in Resources */,
				06F04E0824DA1DB5001CD0D8 /* Gilroy-Bold.otf in Resources */,
				06F04E0324DA1DB5001CD0D8 /* Gilroy-Regular.otf in Resources */,
				06F04E0224DA1DB5001CD0D8 /* Gilroy-ExtraBold.otf in Resources */,
				06F04DFC24DA1DB5001CD0D8 /* Gilroy-Light.otf in Resources */,
				06F04DF824DA1DB5001CD0D8 /* Gilroy-HeavyItalic.otf in Resources */,
				06F04DD624D93B25001CD0D8 /* GoogleService-Info.plist in Resources */,
				06F04DFD24DA1DB5001CD0D8 /* Gilroy-BlackItalic.otf in Resources */,
				06F04DFE24DA1DB5001CD0D8 /* Gilroy-ThinItalic.otf in Resources */,
			);
			runOnlyForDeploymentPostprocessing = 0;
		};
/* End PBXResourcesBuildPhase section */

/* Begin PBXShellScriptBuildPhase section */
		2F99F0813A6A0806F28F0CD4 /* [CP] Embed Pods Frameworks */ = {
			isa = PBXShellScriptBuildPhase;
			buildActionMask = 2147483647;
			files = (
			);
			inputFileListPaths = (
				"${PODS_ROOT}/Target Support Files/Pods-Lesrol/Pods-Lesrol-frameworks-${CONFIGURATION}-input-files.xcfilelist",
			);
			name = "[CP] Embed Pods Frameworks";
			outputFileListPaths = (
				"${PODS_ROOT}/Target Support Files/Pods-Lesrol/Pods-Lesrol-frameworks-${CONFIGURATION}-output-files.xcfilelist",
			);
			runOnlyForDeploymentPostprocessing = 0;
			shellPath = /bin/sh;
			shellScript = "\"${PODS_ROOT}/Target Support Files/Pods-Lesrol/Pods-Lesrol-frameworks.sh\"\n";
			showEnvVarsInLog = 0;
		};
		7BD849976CD5C8719739101D /* [CP] Check Pods Manifest.lock */ = {
			isa = PBXShellScriptBuildPhase;
			buildActionMask = 2147483647;
			files = (
			);
			inputFileListPaths = (
			);
			inputPaths = (
				"${PODS_PODFILE_DIR_PATH}/Podfile.lock",
				"${PODS_ROOT}/Manifest.lock",
			);
			name = "[CP] Check Pods Manifest.lock";
			outputFileListPaths = (
			);
			outputPaths = (
				"$(DERIVED_FILE_DIR)/Pods-Lesrol-checkManifestLockResult.txt",
			);
			runOnlyForDeploymentPostprocessing = 0;
			shellPath = /bin/sh;
			shellScript = "diff \"${PODS_PODFILE_DIR_PATH}/Podfile.lock\" \"${PODS_ROOT}/Manifest.lock\" > /dev/null\nif [ $? != 0 ] ; then\n    # print error to STDERR\n    echo \"error: The sandbox is not in sync with the Podfile.lock. Run 'pod install' or update your CocoaPods installation.\" >&2\n    exit 1\nfi\n# This output is used by Xcode 'outputs' to avoid re-running this script phase.\necho \"SUCCESS\" > \"${SCRIPT_OUTPUT_FILE_0}\"\n";
			showEnvVarsInLog = 0;
		};
/* End PBXShellScriptBuildPhase section */

/* Begin PBXSourcesBuildPhase section */
		065F263524D7E60D00EFB0B4 /* Sources */ = {
			isa = PBXSourcesBuildPhase;
			buildActionMask = 2147483647;
			files = (
				065F26A424D88E0300EFB0B4 /* PostViewController.swift in Sources */,
				065F26AC24D88E4C00EFB0B4 /* SearchCell.swift in Sources */,
				065F266C24D88CF300EFB0B4 /* Photo.swift in Sources */,
				065F269924D88DF100EFB0B4 /* InboxViewController.swift in Sources */,
				065F266B24D88CF300EFB0B4 /* User.swift in Sources */,
				065F269024D88D7900EFB0B4 /* MainTabBarController.swift in Sources */,
				065F266D24D88CF300EFB0B4 /* Food.swift in Sources */,
				065F266A24D88CF300EFB0B4 /* FirebaseLayer.swift in Sources */,
				06F04DDE24D94067001CD0D8 /* YourTripCollectionViewCell.swift in Sources */,
				065F266824D88CF300EFB0B4 /* Trip.swift in Sources */,
				065F268924D88D5400EFB0B4 /* Extension+UIFont.swift in Sources */,
				065F268D24D88D5400EFB0B4 /* Extension+UIView.swift in Sources */,
				065F267724D88D1600EFB0B4 /* SignUpView.swift in Sources */,
				065F268C24D88D5400EFB0B4 /* Extension+CALayer.swift in Sources */,
				065F264124D7E60D00EFB0B4 /* ViewController.swift in Sources */,
				065F267624D88D1600EFB0B4 /* SignUpViewController.swift in Sources */,
				06F04DD824D93EA0001CD0D8 /* HomeView.swift in Sources */,
				065F265424D88C0A00EFB0B4 /* ConstraintAnimation.swift in Sources */,
				065F26A324D88E0300EFB0B4 /* FriendCell.swift in Sources */,
				065F267224D88CFF00EFB0B4 /* SignInViewController.swift in Sources */,
				065F266924D88CF300EFB0B4 /* FoursquareLayer.swift in Sources */,
				065F263D24D7E60D00EFB0B4 /* AppDelegate.swift in Sources */,
				065F268A24D88D5400EFB0B4 /* Extension+UITextField.swift in Sources */,
				065F265724D88CEA00EFB0B4 /* LandingViewController.swift in Sources */,
				065F26A524D88E0300EFB0B4 /* FriendsViewController.swift in Sources */,
				065F267E24D88D4200EFB0B4 /* TextFieldUnderlineView.swift in Sources */,
				065F269524D88DDA00EFB0B4 /* ExploreViewController.swift in Sources */,
				065F26A224D88E0300EFB0B4 /* LocationViewController.swift in Sources */,
				065F268224D88D4200EFB0B4 /* SignUpButtonView.swift in Sources */,
				065F266424D88CF300EFB0B4 /* Attraction.swift in Sources */,
				06F04E0E24DDF4CA001CD0D8 /* ExploreView.swift in Sources */,
				065F267F24D88D4200EFB0B4 /* ProfileImageView.swift in Sources */,
				065F26AD24D88E4C00EFB0B4 /* SearchViewController.swift in Sources */,
				065F26A624D88E0300EFB0B4 /* PostView.swift in Sources */,
				065F266624D88CF300EFB0B4 /* Chat.swift in Sources */,
				06F04DDF24D94067001CD0D8 /* TripCell.swift in Sources */,
				065F268B24D88D5400EFB0B4 /* Extension+UIColor.swift in Sources */,
				06F04DDD24D94067001CD0D8 /* YourTripTableViewCell.swift in Sources */,
				065F263F24D7E60D00EFB0B4 /* SceneDelegate.swift in Sources */,
				065F268124D88D4200EFB0B4 /* ActivityView.swift in Sources */,
				065F269724D88DE500EFB0B4 /* HomeViewController.swift in Sources */,
				065F266724D88CF300EFB0B4 /* Comment.swift in Sources */,
				065F267124D88CFF00EFB0B4 /* SignInView.swift in Sources */,
				065F26A824D88E1300EFB0B4 /* ProfileViewController.swift in Sources */,
				065F266524D88CF300EFB0B4 /* Location.swift in Sources */,
				065F268024D88D4200EFB0B4 /* SectionTitleLabel.swift in Sources */,
			);
			runOnlyForDeploymentPostprocessing = 0;
		};
/* End PBXSourcesBuildPhase section */

/* Begin PBXVariantGroup section */
		065F264224D7E60D00EFB0B4 /* Main.storyboard */ = {
			isa = PBXVariantGroup;
			children = (
				065F264324D7E60D00EFB0B4 /* Base */,
			);
			name = Main.storyboard;
			sourceTree = "<group>";
		};
		065F264724D7E60F00EFB0B4 /* LaunchScreen.storyboard */ = {
			isa = PBXVariantGroup;
			children = (
				065F264824D7E60F00EFB0B4 /* Base */,
			);
			name = LaunchScreen.storyboard;
			sourceTree = "<group>";
		};
/* End PBXVariantGroup section */

/* Begin XCBuildConfiguration section */
		065F264B24D7E60F00EFB0B4 /* Debug */ = {
			isa = XCBuildConfiguration;
			buildSettings = {
				ALWAYS_SEARCH_USER_PATHS = NO;
				CLANG_ANALYZER_NONNULL = YES;
				CLANG_ANALYZER_NUMBER_OBJECT_CONVERSION = YES_AGGRESSIVE;
				CLANG_CXX_LANGUAGE_STANDARD = "gnu++14";
				CLANG_CXX_LIBRARY = "libc++";
				CLANG_ENABLE_MODULES = YES;
				CLANG_ENABLE_OBJC_ARC = YES;
				CLANG_ENABLE_OBJC_WEAK = YES;
				CLANG_WARN_BLOCK_CAPTURE_AUTORELEASING = YES;
				CLANG_WARN_BOOL_CONVERSION = YES;
				CLANG_WARN_COMMA = YES;
				CLANG_WARN_CONSTANT_CONVERSION = YES;
				CLANG_WARN_DEPRECATED_OBJC_IMPLEMENTATIONS = YES;
				CLANG_WARN_DIRECT_OBJC_ISA_USAGE = YES_ERROR;
				CLANG_WARN_DOCUMENTATION_COMMENTS = YES;
				CLANG_WARN_EMPTY_BODY = YES;
				CLANG_WARN_ENUM_CONVERSION = YES;
				CLANG_WARN_INFINITE_RECURSION = YES;
				CLANG_WARN_INT_CONVERSION = YES;
				CLANG_WARN_NON_LITERAL_NULL_CONVERSION = YES;
				CLANG_WARN_OBJC_IMPLICIT_RETAIN_SELF = YES;
				CLANG_WARN_OBJC_LITERAL_CONVERSION = YES;
				CLANG_WARN_OBJC_ROOT_CLASS = YES_ERROR;
				CLANG_WARN_RANGE_LOOP_ANALYSIS = YES;
				CLANG_WARN_STRICT_PROTOTYPES = YES;
				CLANG_WARN_SUSPICIOUS_MOVE = YES;
				CLANG_WARN_UNGUARDED_AVAILABILITY = YES_AGGRESSIVE;
				CLANG_WARN_UNREACHABLE_CODE = YES;
				CLANG_WARN__DUPLICATE_METHOD_MATCH = YES;
				COPY_PHASE_STRIP = NO;
				DEBUG_INFORMATION_FORMAT = dwarf;
				ENABLE_STRICT_OBJC_MSGSEND = YES;
				ENABLE_TESTABILITY = YES;
				GCC_C_LANGUAGE_STANDARD = gnu11;
				GCC_DYNAMIC_NO_PIC = NO;
				GCC_NO_COMMON_BLOCKS = YES;
				GCC_OPTIMIZATION_LEVEL = 0;
				GCC_PREPROCESSOR_DEFINITIONS = (
					"DEBUG=1",
					"$(inherited)",
				);
				GCC_WARN_64_TO_32_BIT_CONVERSION = YES;
				GCC_WARN_ABOUT_RETURN_TYPE = YES_ERROR;
				GCC_WARN_UNDECLARED_SELECTOR = YES;
				GCC_WARN_UNINITIALIZED_AUTOS = YES_AGGRESSIVE;
				GCC_WARN_UNUSED_FUNCTION = YES;
				GCC_WARN_UNUSED_VARIABLE = YES;
				IPHONEOS_DEPLOYMENT_TARGET = 13.5;
				MTL_ENABLE_DEBUG_INFO = INCLUDE_SOURCE;
				MTL_FAST_MATH = YES;
				ONLY_ACTIVE_ARCH = YES;
				SDKROOT = iphoneos;
				SWIFT_ACTIVE_COMPILATION_CONDITIONS = DEBUG;
				SWIFT_OPTIMIZATION_LEVEL = "-Onone";
			};
			name = Debug;
		};
		065F264C24D7E60F00EFB0B4 /* Release */ = {
			isa = XCBuildConfiguration;
			buildSettings = {
				ALWAYS_SEARCH_USER_PATHS = NO;
				CLANG_ANALYZER_NONNULL = YES;
				CLANG_ANALYZER_NUMBER_OBJECT_CONVERSION = YES_AGGRESSIVE;
				CLANG_CXX_LANGUAGE_STANDARD = "gnu++14";
				CLANG_CXX_LIBRARY = "libc++";
				CLANG_ENABLE_MODULES = YES;
				CLANG_ENABLE_OBJC_ARC = YES;
				CLANG_ENABLE_OBJC_WEAK = YES;
				CLANG_WARN_BLOCK_CAPTURE_AUTORELEASING = YES;
				CLANG_WARN_BOOL_CONVERSION = YES;
				CLANG_WARN_COMMA = YES;
				CLANG_WARN_CONSTANT_CONVERSION = YES;
				CLANG_WARN_DEPRECATED_OBJC_IMPLEMENTATIONS = YES;
				CLANG_WARN_DIRECT_OBJC_ISA_USAGE = YES_ERROR;
				CLANG_WARN_DOCUMENTATION_COMMENTS = YES;
				CLANG_WARN_EMPTY_BODY = YES;
				CLANG_WARN_ENUM_CONVERSION = YES;
				CLANG_WARN_INFINITE_RECURSION = YES;
				CLANG_WARN_INT_CONVERSION = YES;
				CLANG_WARN_NON_LITERAL_NULL_CONVERSION = YES;
				CLANG_WARN_OBJC_IMPLICIT_RETAIN_SELF = YES;
				CLANG_WARN_OBJC_LITERAL_CONVERSION = YES;
				CLANG_WARN_OBJC_ROOT_CLASS = YES_ERROR;
				CLANG_WARN_RANGE_LOOP_ANALYSIS = YES;
				CLANG_WARN_STRICT_PROTOTYPES = YES;
				CLANG_WARN_SUSPICIOUS_MOVE = YES;
				CLANG_WARN_UNGUARDED_AVAILABILITY = YES_AGGRESSIVE;
				CLANG_WARN_UNREACHABLE_CODE = YES;
				CLANG_WARN__DUPLICATE_METHOD_MATCH = YES;
				COPY_PHASE_STRIP = NO;
				DEBUG_INFORMATION_FORMAT = "dwarf-with-dsym";
				ENABLE_NS_ASSERTIONS = NO;
				ENABLE_STRICT_OBJC_MSGSEND = YES;
				GCC_C_LANGUAGE_STANDARD = gnu11;
				GCC_NO_COMMON_BLOCKS = YES;
				GCC_WARN_64_TO_32_BIT_CONVERSION = YES;
				GCC_WARN_ABOUT_RETURN_TYPE = YES_ERROR;
				GCC_WARN_UNDECLARED_SELECTOR = YES;
				GCC_WARN_UNINITIALIZED_AUTOS = YES_AGGRESSIVE;
				GCC_WARN_UNUSED_FUNCTION = YES;
				GCC_WARN_UNUSED_VARIABLE = YES;
				IPHONEOS_DEPLOYMENT_TARGET = 13.5;
				MTL_ENABLE_DEBUG_INFO = NO;
				MTL_FAST_MATH = YES;
				SDKROOT = iphoneos;
				SWIFT_COMPILATION_MODE = wholemodule;
				SWIFT_OPTIMIZATION_LEVEL = "-O";
				VALIDATE_PRODUCT = YES;
			};
			name = Release;
		};
		065F264E24D7E60F00EFB0B4 /* Debug */ = {
			isa = XCBuildConfiguration;
			baseConfigurationReference = 24B36476FDF9425957D1917D /* Pods-Lesrol.debug.xcconfig */;
			buildSettings = {
				ASSETCATALOG_COMPILER_APPICON_NAME = AppIcon;
				CODE_SIGN_STYLE = Automatic;
				DEVELOPMENT_TEAM = Z928ALPHEA;
				INFOPLIST_FILE = Lesrol/Info.plist;
				LD_RUNPATH_SEARCH_PATHS = (
					"$(inherited)",
					"@executable_path/Frameworks",
				);
				PRODUCT_BUNDLE_IDENTIFIER = com.edvinlellhame.Lesrol;
				PRODUCT_NAME = "$(TARGET_NAME)";
				SWIFT_VERSION = 5.0;
				TARGETED_DEVICE_FAMILY = "1,2";
			};
			name = Debug;
		};
		065F264F24D7E60F00EFB0B4 /* Release */ = {
			isa = XCBuildConfiguration;
			baseConfigurationReference = 358899F386E1471427A08618 /* Pods-Lesrol.release.xcconfig */;
			buildSettings = {
				ASSETCATALOG_COMPILER_APPICON_NAME = AppIcon;
				CODE_SIGN_STYLE = Automatic;
				DEVELOPMENT_TEAM = Z928ALPHEA;
				INFOPLIST_FILE = Lesrol/Info.plist;
				LD_RUNPATH_SEARCH_PATHS = (
					"$(inherited)",
					"@executable_path/Frameworks",
				);
				PRODUCT_BUNDLE_IDENTIFIER = com.edvinlellhame.Lesrol;
				PRODUCT_NAME = "$(TARGET_NAME)";
				SWIFT_VERSION = 5.0;
				TARGETED_DEVICE_FAMILY = "1,2";
			};
			name = Release;
		};
/* End XCBuildConfiguration section */

/* Begin XCConfigurationList section */
		065F263424D7E60D00EFB0B4 /* Build configuration list for PBXProject "Lesrol" */ = {
			isa = XCConfigurationList;
			buildConfigurations = (
				065F264B24D7E60F00EFB0B4 /* Debug */,
				065F264C24D7E60F00EFB0B4 /* Release */,
			);
			defaultConfigurationIsVisible = 0;
			defaultConfigurationName = Release;
		};
		065F264D24D7E60F00EFB0B4 /* Build configuration list for PBXNativeTarget "Lesrol" */ = {
			isa = XCConfigurationList;
			buildConfigurations = (
				065F264E24D7E60F00EFB0B4 /* Debug */,
				065F264F24D7E60F00EFB0B4 /* Release */,
			);
			defaultConfigurationIsVisible = 0;
			defaultConfigurationName = Release;
		};
/* End XCConfigurationList section */
	};
	rootObject = 065F263124D7E60D00EFB0B4 /* Project object */;
}
